
Microsoft Visual Studio Solution File, Format Version 12.00
# Visual Studio Version 16
VisualStudioVersion = 16.0.31205.134
MinimumVisualStudioVersion = 10.0.40219.1
Project("{FAE04EC0-301F-11D3-BF4B-00C04F79EFBC}") = "BasicMVCWebApp", "BasicMVCWebApp\BasicMVCWebApp.csproj", "{879FCB80-0E2C-45FC-9CD6-901466F39E5E}"
EndProject
Project("{FAE04EC0-301F-11D3-BF4B-00C04F79EFBC}") = "DBWebApp", "DBWebApp\DBWebApp.csproj", "{02051D7F-11B8-45CB-B8AA-94C3D0CCEC3F}"
EndProject
Project("{00D1A9C2-B5F0-4AF3-8072-F6C62B433612}") = "MvcWebLap.Database", "MvcWebLap.Database\MvcWebLap.Database.sqlproj", "{8CAD8D4E-BB37-4059-8512-73A0915B0A4B}"
EndProject
Project("{FAE04EC0-301F-11D3-BF4B-00C04F79EFBC}") = "TodoListWebApp", "TodoListWebApp\TodoListWebApp.csproj", "{6708CBA2-3B22-4C49-88F9-230EC24A413E}"
EndProject
Global
	GlobalSection(SolutionConfigurationPlatforms) = preSolution
		Debug|Any CPU = Debug|Any CPU
		Release|Any CPU = Release|Any CPU
	EndGlobalSection
	GlobalSection(ProjectConfigurationPlatforms) = postSolution
		{879FCB80-0E2C-45FC-9CD6-901466F39E5E}.Debug|Any CPU.ActiveCfg = Debug|Any CPU
		{879FCB80-0E2C-45FC-9CD6-901466F39E5E}.Debug|Any CPU.Build.0 = Debug|Any CPU
		{879FCB80-0E2C-45FC-9CD6-901466F39E5E}.Release|Any CPU.ActiveCfg = Release|Any CPU
		{879FCB80-0E2C-45FC-9CD6-901466F39E5E}.Release|Any CPU.Build.0 = Release|Any CPU
		{02051D7F-11B8-45CB-B8AA-94C3D0CCEC3F}.Debug|Any CPU.ActiveCfg = Debug|Any CPU
		{02051D7F-11B8-45CB-B8AA-94C3D0CCEC3F}.Debug|Any CPU.Build.0 = Debug|Any CPU
		{02051D7F-11B8-45CB-B8AA-94C3D0CCEC3F}.Release|Any CPU.ActiveCfg = Release|Any CPU
		{02051D7F-11B8-45CB-B8AA-94C3D0CCEC3F}.Release|Any CPU.Build.0 = Release|Any CPU
		{8CAD8D4E-BB37-4059-8512-73A0915B0A4B}.Debug|Any CPU.ActiveCfg = Debug|Any CPU
		{8CAD8D4E-BB37-4059-8512-73A0915B0A4B}.Debug|Any CPU.Build.0 = Debug|Any CPU
		{8CAD8D4E-BB37-4059-8512-73A0915B0A4B}.Debug|Any CPU.Deploy.0 = Debug|Any CPU
		{8CAD8D4E-BB37-4059-8512-73A0915B0A4B}.Release|Any CPU.ActiveCfg = Release|Any CPU
		{8CAD8D4E-BB37-4059-8512-73A0915B0A4B}.Release|Any CPU.Build.0 = Release|Any CPU
		{8CAD8D4E-BB37-4059-8512-73A0915B0A4B}.Release|Any CPU.Deploy.0 = Release|Any CPU
		{6708CBA2-3B22-4C49-88F9-230EC24A413E}.Debug|Any CPU.ActiveCfg = Debug|Any CPU
		{6708CBA2-3B22-4C49-88F9-230EC24A413E}.Debug|Any CPU.Build.0 = Debug|Any CPU
		{6708CBA2-3B22-4C49-88F9-230EC24A413E}.Release|Any CPU.ActiveCfg = Release|Any CPU
		{6708CBA2-3B22-4C49-88F9-230EC24A413E}.Release|Any CPU.Build.0 = Release|Any CPU
	EndGlobalSection
	GlobalSection(SolutionProperties) = preSolution
		HideSolutionNode = FALSE
	EndGlobalSection
	GlobalSection(ExtensibilityGlobals) = postSolution
		SolutionGuid = {AB26CA6C-00C2-4512-ACE3-F24159A572E2}
	EndGlobalSection
EndGlobal
